
Microsoft Visual Studio Solution File, Format Version 12.00
# Visual Studio 15
VisualStudioVersion = 15.0.27130.0
MinimumVisualStudioVersion = 10.0.40219.1
Project("{FAE04EC0-301F-11D3-BF4B-00C04F79EFBC}") = "InstagramNewsFeed", "src\InstagramNewsFeed.csproj", "{14722041-B302-47EF-A98B-A3388F249FA3}"
EndProject
Global
	GlobalSection(SolutionConfigurationPlatforms) = preSolution
		Debug|Any CPU = Debug|Any CPU
		Release|Any CPU = Release|Any CPU
	EndGlobalSection
	GlobalSection(ProjectConfigurationPlatforms) = postSolution
		{14722041-B302-47EF-A98B-A3388F249FA3}.Debug|Any CPU.ActiveCfg = Debug|Any CPU
		{14722041-B302-47EF-A98B-A3388F249FA3}.Debug|Any CPU.Build.0 = Debug|Any CPU
		{14722041-B302-47EF-A98B-A3388F249FA3}.Release|Any CPU.ActiveCfg = Release|Any CPU
		{14722041-B302-47EF-A98B-A3388F249FA3}.Release|Any CPU.Build.0 = Release|Any CPU
	EndGlobalSection
	GlobalSection(SolutionProperties) = preSolution
		HideSolutionNode = FALSE
	EndGlobalSection
	GlobalSection(ExtensibilityGlobals) = postSolution
		SolutionGuid = {D6F559FD-7B69-4BFA-890D-CB1BD40DAE40}
	EndGlobalSection
EndGlobal
